
Microsoft Visual Studio Solution File, Format Version 12.00
# Visual Studio Version 17
VisualStudioVersion = 17.3.32922.545
MinimumVisualStudioVersion = 10.0.40219.1
Project("{9A19103F-16F7-4668-BE54-9A1E7A4F7556}") = "p5rpc.stuff", "p5rpc.stuff\p5rpc.stuff.csproj", "{6F4B205B-ABF6-4A29-BD48-03E18C769813}"
EndProject
Global
	GlobalSection(SolutionConfigurationPlatforms) = preSolution
		Debug|Any CPU = Debug|Any CPU
		Release|Any CPU = Release|Any CPU
	EndGlobalSection
	GlobalSection(ProjectConfigurationPlatforms) = postSolution
		{6F4B205B-ABF6-4A29-BD48-03E18C769813}.Debug|Any CPU.ActiveCfg = Debug|Any CPU
		{6F4B205B-ABF6-4A29-BD48-03E18C769813}.Debug|Any CPU.Build.0 = Debug|Any CPU
		{6F4B205B-ABF6-4A29-BD48-03E18C769813}.Release|Any CPU.ActiveCfg = Release|Any CPU
		{6F4B205B-ABF6-4A29-BD48-03E18C769813}.Release|Any CPU.Build.0 = Release|Any CPU
	EndGlobalSection
	GlobalSection(SolutionProperties) = preSolution
		HideSolutionNode = FALSE
	EndGlobalSection
	GlobalSection(ExtensibilityGlobals) = postSolution
		SolutionGuid = {56D65FA2-2A48-49CB-BA59-C44FDDB11E8D}
	EndGlobalSection
EndGlobal
